{
  "name": "ship-check",
  "version": "0.1.0",
  "lockfileVersion": 3,
  "requires": true,
  "packages": {
    "": {
      "name": "ship-check",
      "version": "0.1.0",
      "license": "MIT",
      "bin": {
        "lane-report": "lib/lane-report.mjs",
        "ship-check": "lib/lane-report.mjs"
      },
      "engines": {
        "node": ">=18"
      }
    }
  }
}
